
Microsoft Visual Studio Solution File, Format Version 12.00
# Visual Studio Version 16
VisualStudioVersion = 16.0.29020.237
MinimumVisualStudioVersion = 10.0.40219.1
Project("{FAE04EC0-301F-11D3-BF4B-00C04F79EFBC}") = "ConsoleApp4", "ConsoleApp4\ConsoleApp4.csproj", "{28CC36B5-0C80-4188-8939-27B27411E9E2}"
EndProject
Global
	GlobalSection(SolutionConfigurationPlatforms) = preSolution
		Debug|Any CPU = Debug|Any CPU
		Release|Any CPU = Release|Any CPU
	EndGlobalSection
	GlobalSection(ProjectConfigurationPlatforms) = postSolution
		{28CC36B5-0C80-4188-8939-27B27411E9E2}.Debug|Any CPU.ActiveCfg = Debug|Any CPU
		{28CC36B5-0C80-4188-8939-27B27411E9E2}.Debug|Any CPU.Build.0 = Debug|Any CPU
		{28CC36B5-0C80-4188-8939-27B27411E9E2}.Release|Any CPU.ActiveCfg = Release|Any CPU
		{28CC36B5-0C80-4188-8939-27B27411E9E2}.Release|Any CPU.Build.0 = Release|Any CPU
	EndGlobalSection
	GlobalSection(SolutionProperties) = preSolution
		HideSolutionNode = FALSE
	EndGlobalSection
	GlobalSection(ExtensibilityGlobals) = postSolution
		SolutionGuid = {2B8EE5B2-B6D5-49FB-848F-859169B8C255}
	EndGlobalSection
EndGlobal
